// !$*UTF8*$!
{
	archiveVersion = 1;
	classes = {
	};
	objectVersion = 50;
	objects = {

/* Begin PBXBuildFile section */
		EBA61CD9230AA059001AC10F /* AppDelegate.swift in Sources */ = {isa = PBXBuildFile; fileRef = EBA61CD8230AA059001AC10F /* AppDelegate.swift */; };
		EBA61CDB230AA059001AC10F /* ViewController.swift in Sources */ = {isa = PBXBuildFile; fileRef = EBA61CDA230AA059001AC10F /* ViewController.swift */; };
		EBA61CDE230AA059001AC10F /* Main.storyboard in Resources */ = {isa = PBXBuildFile; fileRef = EBA61CDC230AA059001AC10F /* Main.storyboard */; };
		EBA61CE1230AA059001AC10F /* Prego.xcdatamodeld in Sources */ = {isa = PBXBuildFile; fileRef = EBA61CDF230AA059001AC10F /* Prego.xcdatamodeld */; };
		EBA61CE3230AA05C001AC10F /* Assets.xcassets in Resources */ = {isa = PBXBuildFile; fileRef = EBA61CE2230AA05C001AC10F /* Assets.xcassets */; };
		EBA61CE6230AA05C001AC10F /* LaunchScreen.storyboard in Resources */ = {isa = PBXBuildFile; fileRef = EBA61CE4230AA05C001AC10F /* LaunchScreen.storyboard */; };
/* End PBXBuildFile section */

/* Begin PBXFileReference section */
		EBA61CD5230AA059001AC10F /* Prego.app */ = {isa = PBXFileReference; explicitFileType = wrapper.application; includeInIndex = 0; path = Prego.app; sourceTree = BUILT_PRODUCTS_DIR; };
		EBA61CD8230AA059001AC10F /* AppDelegate.swift */ = {isa = PBXFileReference; lastKnownFileType = sourcecode.swift; path = AppDelegate.swift; sourceTree = "<group>"; };
		EBA61CDA230AA059001AC10F /* ViewController.swift */ = {isa = PBXFileReference; lastKnownFileType = sourcecode.swift; path = ViewController.swift; sourceTree = "<group>"; };
		EBA61CDD230AA059001AC10F /* Base */ = {isa = PBXFileReference; lastKnownFileType = file.storyboard; name = Base; path = Base.lproj/Main.storyboard; sourceTree = "<group>"; };
		EBA61CE0230AA059001AC10F /* Prego.xcdatamodel */ = {isa = PBXFileReference; lastKnownFileType = wrapper.xcdatamodel; path = Prego.xcdatamodel; sourceTree = "<group>"; };
		EBA61CE2230AA05C001AC10F /* Assets.xcassets */ = {isa = PBXFileReference; lastKnownFileType = folder.assetcatalog; path = Assets.xcassets; sourceTree = "<group>"; };
		EBA61CE5230AA05C001AC10F /* Base */ = {isa = PBXFileReference; lastKnownFileType = file.storyboard; name = Base; path = Base.lproj/LaunchScreen.storyboard; sourceTree = "<group>"; };
		EBA61CE7230AA05C001AC10F /* Info.plist */ = {isa = PBXFileReference; lastKnownFileType = text.plist.xml; path = Info.plist; sourceTree = "<group>"; };
/* End PBXFileReference section */

/* Begin PBXFrameworksBuildPhase section */
		EBA61CD2230AA059001AC10F /* Frameworks */ = {
			isa = PBXFrameworksBuildPhase;
			buildActionMask = 2147483647;
			files = (
			);
			runOnlyForDeploymentPostprocessing = 0;
		};
/* End PBXFrameworksBuildPhase section */

/* Begin PBXGroup section */
		EBA61CCC230AA059001AC10F = {
			isa = PBXGroup;
			children = (
				EBA61CD7230AA059001AC10F /* Prego */,
				EBA61CD6230AA059001AC10F /* Products */,
			);
			sourceTree = "<group>";
		};
		EBA61CD6230AA059001AC10F /* Products */ = {
			isa = PBXGroup;
			children = (
				EBA61CD5230AA059001AC10F /* Prego.app */,
			);
			name = Products;
			sourceTree = "<group>";
		};
		EBA61CD7230AA059001AC10F /* Prego */ = {
			isa = PBXGroup;
			children = (
				EBA61CD8230AA059001AC10F /* AppDelegate.swift */,
				EBA61CDA230AA059001AC10F /* ViewController.swift */,
				EBA61CDC230AA059001AC10F /* Main.storyboard */,
				EBA61CE2230AA05C001AC10F /* Assets.xcassets */,
				EBA61CE4230AA05C001AC10F /* LaunchScreen.storyboard */,
				EBA61CE7230AA05C001AC10F /* Info.plist */,
				EBA61CDF230AA059001AC10F /* Prego.xcdatamodeld */,
			);
			path = Prego;
			sourceTree = "<group>";
		};
/* End PBXGroup section */

/* Begin PBXNativeTarget section */
		EBA61CD4230AA059001AC10F /* Prego */ = {
			isa = PBXNativeTarget;
			buildConfigurationList = EBA61CEA230AA05C001AC10F /* Build configuration list for PBXNativeTarget "Prego" */;
			buildPhases = (
				EBA61CD1230AA059001AC10F /* Sources */,
				EBA61CD2230AA059001AC10F /* Frameworks */,
				EBA61CD3230AA059001AC10F /* Resources */,
			);
			buildRules = (
			);
			dependencies = (
			);
			name = Prego;
			productName = Prego;
			productReference = EBA61CD5230AA059001AC10F /* Prego.app */;
			productType = "com.apple.product-type.application";
		};
/* End PBXNativeTarget section */

/* Begin PBXProject section */
		EBA61CCD230AA059001AC10F /* Project object */ = {
			isa = PBXProject;
			attributes = {
				LastSwiftUpdateCheck = 0930;
				LastUpgradeCheck = 0930;
				ORGANIZATIONNAME = Y2M;
				TargetAttributes = {
					EBA61CD4230AA059001AC10F = {
						CreatedOnToolsVersion = 9.3;
					};
				};
			};
			buildConfigurationList = EBA61CD0230AA059001AC10F /* Build configuration list for PBXProject "Prego" */;
			compatibilityVersion = "Xcode 9.3";
			developmentRegion = en;
			hasScannedForEncodings = 0;
			knownRegions = (
				en,
				Base,
			);
			mainGroup = EBA61CCC230AA059001AC10F;
			productRefGroup = EBA61CD6230AA059001AC10F /* Products */;
			projectDirPath = "";
			projectRoot = "";
			targets = (
				EBA61CD4230AA059001AC10F /* Prego */,
			);
		};
/* End PBXProject section */

/* Begin PBXResourcesBuildPhase section */
		EBA61CD3230AA059001AC10F /* Resources */ = {
			isa = PBXResourcesBuildPhase;
			buildActionMask = 2147483647;
			files = (
				EBA61CE6230AA05C001AC10F /* LaunchScreen.storyboard in Resources */,
				EBA61CE3230AA05C001AC10F /* Assets.xcassets in Resources */,
				EBA61CDE230AA059001AC10F /* Main.storyboard in Resources */,
			);
			runOnlyForDeploymentPostprocessing = 0;
		};
/* End PBXResourcesBuildPhase section */

/* Begin PBXSourcesBuildPhase section */
		EBA61CD1230AA059001AC10F /* Sources */ = {
			isa = PBXSourcesBuildPhase;
			buildActionMask = 2147483647;
			files = (
				EBA61CE1230AA059001AC10F /* Prego.xcdatamodeld in Sources */,
				EBA61CDB230AA059001AC10F /* ViewController.swift in Sources */,
				EBA61CD9230AA059001AC10F /* AppDelegate.swift in Sources */,
			);
			runOnlyForDeploymentPostprocessing = 0;
		};
/* End PBXSourcesBuildPhase section */

/* Begin PBXVariantGroup section */
		EBA61CDC230AA059001AC10F /* Main.storyboard */ = {
			isa = PBXVariantGroup;
			children = (
				EBA61CDD230AA059001AC10F /* Base */,
			);
			name = Main.storyboard;
			sourceTree = "<group>";
		};
		EBA61CE4230AA05C001AC10F /* LaunchScreen.storyboard */ = {
			isa = PBXVariantGroup;
			children = (
				EBA61CE5230AA05C001AC10F /* Base */,
			);
			name = LaunchScreen.storyboard;
			sourceTree = "<group>";
		};
/* End PBXVariantGroup section */

/* Begin XCBuildConfiguration section */
		EBA61CE8230AA05C001AC10F /* Debug */ = {
			isa = XCBuildConfiguration;
			buildSettings = {
				ALWAYS_SEARCH_USER_PATHS = NO;
				CLANG_ANALYZER_NONNULL = YES;
				CLANG_ANALYZER_NUMBER_OBJECT_CONVERSION = YES_AGGRESSIVE;
				CLANG_CXX_LANGUAGE_STANDARD = "gnu++14";
				CLANG_CXX_LIBRARY = "libc++";
				CLANG_ENABLE_MODULES = YES;
				CLANG_ENABLE_OBJC_ARC = YES;
				CLANG_ENABLE_OBJC_WEAK = YES;
				CLANG_WARN_BLOCK_CAPTURE_AUTORELEASING = YES;
				CLANG_WARN_BOOL_CONVERSION = YES;
				CLANG_WARN_COMMA = YES;
				CLANG_WARN_CONSTANT_CONVERSION = YES;
				CLANG_WARN_DEPRECATED_OBJC_IMPLEMENTATIONS = YES;
				CLANG_WARN_DIRECT_OBJC_ISA_USAGE = YES_ERROR;
				CLANG_WARN_DOCUMENTATION_COMMENTS = YES;
				CLANG_WARN_EMPTY_BODY = YES;
				CLANG_WARN_ENUM_CONVERSION = YES;
				CLANG_WARN_INFINITE_RECURSION = YES;
				CLANG_WARN_INT_CONVERSION = YES;
				CLANG_WARN_NON_LITERAL_NULL_CONVERSION = YES;
				CLANG_WARN_OBJC_IMPLICIT_RETAIN_SELF = YES;
				CLANG_WARN_OBJC_LITERAL_CONVERSION = YES;
				CLANG_WARN_OBJC_ROOT_CLASS = YES_ERROR;
				CLANG_WARN_RANGE_LOOP_ANALYSIS = YES;
				CLANG_WARN_STRICT_PROTOTYPES = YES;
				CLANG_WARN_SUSPICIOUS_MOVE = YES;
				CLANG_WARN_UNGUARDED_AVAILABILITY = YES_AGGRESSIVE;
				CLANG_WARN_UNREACHABLE_CODE = YES;
				CLANG_WARN__DUPLICATE_METHOD_MATCH = YES;
				CODE_SIGN_IDENTITY = "iPhone Developer";
				COPY_PHASE_STRIP = NO;
				DEBUG_INFORMATION_FORMAT = dwarf;
				ENABLE_STRICT_OBJC_MSGSEND = YES;
				ENABLE_TESTABILITY = YES;
				GCC_C_LANGUAGE_STANDARD = gnu11;
				GCC_DYNAMIC_NO_PIC = NO;
				GCC_NO_COMMON_BLOCKS = YES;
				GCC_OPTIMIZATION_LEVEL = 0;
				GCC_PREPROCESSOR_DEFINITIONS = (
					"DEBUG=1",
					"$(inherited)",
				);
				GCC_WARN_64_TO_32_BIT_CONVERSION = YES;
				GCC_WARN_ABOUT_RETURN_TYPE = YES_ERROR;
				GCC_WARN_UNDECLARED_SELECTOR = YES;
				GCC_WARN_UNINITIALIZED_AUTOS = YES_AGGRESSIVE;
				GCC_WARN_UNUSED_FUNCTION = YES;
				GCC_WARN_UNUSED_VARIABLE = YES;
				IPHONEOS_DEPLOYMENT_TARGET = 11.3;
				MTL_ENABLE_DEBUG_INFO = YES;
				ONLY_ACTIVE_ARCH = YES;
				SDKROOT = iphoneos;
				SWIFT_ACTIVE_COMPILATION_CONDITIONS = DEBUG;
				SWIFT_OPTIMIZATION_LEVEL = "-Onone";
			};
			name = Debug;
		};
		EBA61CE9230AA05C001AC10F /* Release */ = {
			isa = XCBuildConfiguration;
			buildSettings = {
				ALWAYS_SEARCH_USER_PATHS = NO;
				CLANG_ANALYZER_NONNULL = YES;
				CLANG_ANALYZER_NUMBER_OBJECT_CONVERSION = YES_AGGRESSIVE;
				CLANG_CXX_LANGUAGE_STANDARD = "gnu++14";
				CLANG_CXX_LIBRARY = "libc++";
				CLANG_ENABLE_MODULES = YES;
				CLANG_ENABLE_OBJC_ARC = YES;
				CLANG_ENABLE_OBJC_WEAK = YES;
				CLANG_WARN_BLOCK_CAPTURE_AUTORELEASING = YES;
				CLANG_WARN_BOOL_CONVERSION = YES;
				CLANG_WARN_COMMA = YES;
				CLANG_WARN_CONSTANT_CONVERSION = YES;
				CLANG_WARN_DEPRECATED_OBJC_IMPLEMENTATIONS = YES;
				CLANG_WARN_DIRECT_OBJC_ISA_USAGE = YES_ERROR;
				CLANG_WARN_DOCUMENTATION_COMMENTS = YES;
				CLANG_WARN_EMPTY_BODY = YES;
				CLANG_WARN_ENUM_CONVERSION = YES;
				CLANG_WARN_INFINITE_RECURSION = YES;
				CLANG_WARN_INT_CONVERSION = YES;
				CLANG_WARN_NON_LITERAL_NULL_CONVERSION = YES;
				CLANG_WARN_OBJC_IMPLICIT_RETAIN_SELF = YES;
				CLANG_WARN_OBJC_LITERAL_CONVERSION = YES;
				CLANG_WARN_OBJC_ROOT_CLASS = YES_ERROR;
				CLANG_WARN_RANGE_LOOP_ANALYSIS = YES;
				CLANG_WARN_STRICT_PROTOTYPES = YES;
				CLANG_WARN_SUSPICIOUS_MOVE = YES;
				CLANG_WARN_UNGUARDED_AVAILABILITY = YES_AGGRESSIVE;
				CLANG_WARN_UNREACHABLE_CODE = YES;
				CLANG_WARN__DUPLICATE_METHOD_MATCH = YES;
				CODE_SIGN_IDENTITY = "iPhone Developer";
				COPY_PHASE_STRIP = NO;
				DEBUG_INFORMATION_FORMAT = "dwarf-with-dsym";
				ENABLE_NS_ASSERTIONS = NO;
				ENABLE_STRICT_OBJC_MSGSEND = YES;
				GCC_C_LANGUAGE_STANDARD = gnu11;
				GCC_NO_COMMON_BLOCKS = YES;
				GCC_WARN_64_TO_32_BIT_CONVERSION = YES;
				GCC_WARN_ABOUT_RETURN_TYPE = YES_ERROR;
				GCC_WARN_UNDECLARED_SELECTOR = YES;
				GCC_WARN_UNINITIALIZED_AUTOS = YES_AGGRESSIVE;
				GCC_WARN_UNUSED_FUNCTION = YES;
				GCC_WARN_UNUSED_VARIABLE = YES;
				IPHONEOS_DEPLOYMENT_TARGET = 11.3;
				MTL_ENABLE_DEBUG_INFO = NO;
				SDKROOT = iphoneos;
				SWIFT_COMPILATION_MODE = wholemodule;
				SWIFT_OPTIMIZATION_LEVEL = "-O";
				VALIDATE_PRODUCT = YES;
			};
			name = Release;
		};
		EBA61CEB230AA05C001AC10F /* Debug */ = {
			isa = XCBuildConfiguration;
			buildSettings = {
				ASSETCATALOG_COMPILER_APPICON_NAME = AppIcon;
				CODE_SIGN_STYLE = Automatic;
				DEVELOPMENT_TEAM = BUTL36UFM4;
				INFOPLIST_FILE = Prego/Info.plist;
				LD_RUNPATH_SEARCH_PATHS = (
					"$(inherited)",
					"@executable_path/Frameworks",
				);
				PRODUCT_BUNDLE_IDENTIFIER = com.otherlogic.Prego;
				PRODUCT_NAME = "$(TARGET_NAME)";
				SWIFT_VERSION = 4.0;
				TARGETED_DEVICE_FAMILY = "1,2";
			};
			name = Debug;
		};
		EBA61CEC230AA05C001AC10F /* Release */ = {
			isa = XCBuildConfiguration;
			buildSettings = {
				ASSETCATALOG_COMPILER_APPICON_NAME = AppIcon;
				CODE_SIGN_STYLE = Automatic;
				DEVELOPMENT_TEAM = BUTL36UFM4;
				INFOPLIST_FILE = Prego/Info.plist;
				LD_RUNPATH_SEARCH_PATHS = (
					"$(inherited)",
					"@executable_path/Frameworks",
				);
				PRODUCT_BUNDLE_IDENTIFIER = com.otherlogic.Prego;
				PRODUCT_NAME = "$(TARGET_NAME)";
				SWIFT_VERSION = 4.0;
				TARGETED_DEVICE_FAMILY = "1,2";
			};
			name = Release;
		};
/* End XCBuildConfiguration section */

/* Begin XCConfigurationList section */
		EBA61CD0230AA059001AC10F /* Build configuration list for PBXProject "Prego" */ = {
			isa = XCConfigurationList;
			buildConfigurations = (
				EBA61CE8230AA05C001AC10F /* Debug */,
				EBA61CE9230AA05C001AC10F /* Release */,
			);
			defaultConfigurationIsVisible = 0;
			defaultConfigurationName = Release;
		};
		EBA61CEA230AA05C001AC10F /* Build configuration list for PBXNativeTarget "Prego" */ = {
			isa = XCConfigurationList;
			buildConfigurations = (
				EBA61CEB230AA05C001AC10F /* Debug */,
				EBA61CEC230AA05C001AC10F /* Release */,
			);
			defaultConfigurationIsVisible = 0;
			defaultConfigurationName = Release;
		};
/* End XCConfigurationList section */

/* Begin XCVersionGroup section */
		EBA61CDF230AA059001AC10F /* Prego.xcdatamodeld */ = {
			isa = XCVersionGroup;
			children = (
				EBA61CE0230AA059001AC10F /* Prego.xcdatamodel */,
			);
			currentVersion = EBA61CE0230AA059001AC10F /* Prego.xcdatamodel */;
			path = Prego.xcdatamodeld;
			sourceTree = "<group>";
			versionGroupType = wrapper.xcdatamodel;
		};
/* End XCVersionGroup section */
	};
	rootObject = EBA61CCD230AA059001AC10F /* Project object */;
}
